
Microsoft Visual Studio Solution File, Format Version 12.00
# Visual Studio 2013
VisualStudioVersion = 12.0.30501.0
MinimumVisualStudioVersion = 10.0.40219.1
Project("{FAE04EC0-301F-11D3-BF4B-00C04F79EFBC}") = "Plotter", "Plotter\Plotter.csproj", "{3237FA53-4D92-43EB-AF80-B66839F80ED9}"
EndProject
Project("{FAE04EC0-301F-11D3-BF4B-00C04F79EFBC}") = "Plotter.Tests", "Plotter.Tests\Plotter.Tests.csproj", "{8593605F-86B7-41F1-98B5-D735E1A58741}"
EndProject
Project("{FAE04EC0-301F-11D3-BF4B-00C04F79EFBC}") = "Plotter.Tests.WinForms", "Plotter.Tests.WinForms\Plotter.Tests.WinForms.csproj", "{CFD8AADD-11AE-4EA6-97EE-8807E11CABC3}"
EndProject
Global
	GlobalSection(SolutionConfigurationPlatforms) = preSolution
		Debug|Any CPU = Debug|Any CPU
		Release|Any CPU = Release|Any CPU
	EndGlobalSection
	GlobalSection(ProjectConfigurationPlatforms) = postSolution
		{3237FA53-4D92-43EB-AF80-B66839F80ED9}.Debug|Any CPU.ActiveCfg = Debug|Any CPU
		{3237FA53-4D92-43EB-AF80-B66839F80ED9}.Debug|Any CPU.Build.0 = Debug|Any CPU
		{3237FA53-4D92-43EB-AF80-B66839F80ED9}.Release|Any CPU.ActiveCfg = Release|Any CPU
		{3237FA53-4D92-43EB-AF80-B66839F80ED9}.Release|Any CPU.Build.0 = Release|Any CPU
		{8593605F-86B7-41F1-98B5-D735E1A58741}.Debug|Any CPU.ActiveCfg = Debug|Any CPU
		{8593605F-86B7-41F1-98B5-D735E1A58741}.Debug|Any CPU.Build.0 = Debug|Any CPU
		{8593605F-86B7-41F1-98B5-D735E1A58741}.Release|Any CPU.ActiveCfg = Release|Any CPU
		{8593605F-86B7-41F1-98B5-D735E1A58741}.Release|Any CPU.Build.0 = Release|Any CPU
		{CFD8AADD-11AE-4EA6-97EE-8807E11CABC3}.Debug|Any CPU.ActiveCfg = Debug|Any CPU
		{CFD8AADD-11AE-4EA6-97EE-8807E11CABC3}.Debug|Any CPU.Build.0 = Debug|Any CPU
		{CFD8AADD-11AE-4EA6-97EE-8807E11CABC3}.Release|Any CPU.ActiveCfg = Release|Any CPU
		{CFD8AADD-11AE-4EA6-97EE-8807E11CABC3}.Release|Any CPU.Build.0 = Release|Any CPU
	EndGlobalSection
	GlobalSection(SolutionProperties) = preSolution
		HideSolutionNode = FALSE
	EndGlobalSection
EndGlobal
